
Microsoft Visual Studio Solution File, Format Version 12.00
# Visual Studio Version 16
VisualStudioVersion = 16.0.30907.101
MinimumVisualStudioVersion = 10.0.40219.1
Project("{FAE04EC0-301F-11D3-BF4B-00C04F79EFBC}") = "Robot", "Robot\Robot.csproj", "{621A0AE8-840A-4247-AB9C-7DE34B0033A7}"
EndProject
Global
	GlobalSection(SolutionConfigurationPlatforms) = preSolution
		Debug|Any CPU = Debug|Any CPU
		Release|Any CPU = Release|Any CPU
	EndGlobalSection
	GlobalSection(ProjectConfigurationPlatforms) = postSolution
		{621A0AE8-840A-4247-AB9C-7DE34B0033A7}.Debug|Any CPU.ActiveCfg = Debug|Any CPU
		{621A0AE8-840A-4247-AB9C-7DE34B0033A7}.Debug|Any CPU.Build.0 = Debug|Any CPU
		{621A0AE8-840A-4247-AB9C-7DE34B0033A7}.Release|Any CPU.ActiveCfg = Release|Any CPU
		{621A0AE8-840A-4247-AB9C-7DE34B0033A7}.Release|Any CPU.Build.0 = Release|Any CPU
	EndGlobalSection
	GlobalSection(SolutionProperties) = preSolution
		HideSolutionNode = FALSE
	EndGlobalSection
	GlobalSection(ExtensibilityGlobals) = postSolution
		SolutionGuid = {4649DF98-60D0-4E5F-BC6A-13E16E3245EE}
	EndGlobalSection
EndGlobal
